// !$*UTF8*$!
{
	archiveVersion = 1;
	classes = {
	};
	objectVersion = 46;
	objects = {

/* Begin PBXBuildFile section */
		4DE3351B18A9AF1800FCD941 /* UIKit.framework in Frameworks */ = {isa = PBXBuildFile; fileRef = 4DE3351A18A9AF1800FCD941 /* UIKit.framework */; };
		4DE3351D18A9AF1800FCD941 /* Foundation.framework in Frameworks */ = {isa = PBXBuildFile; fileRef = 4DE3351C18A9AF1800FCD941 /* Foundation.framework */; };
		4DE3351F18A9AF1800FCD941 /* CoreGraphics.framework in Frameworks */ = {isa = PBXBuildFile; fileRef = 4DE3351E18A9AF1800FCD941 /* CoreGraphics.framework */; };
		4DE3352518A9AF1800FCD941 /* InfoPlist.strings in Resources */ = {isa = PBXBuildFile; fileRef = 4DE3352318A9AF1800FCD941 /* InfoPlist.strings */; };
		4DE3352718A9AF1800FCD941 /* main.m in Sources */ = {isa = PBXBuildFile; fileRef = 4DE3352618A9AF1800FCD941 /* main.m */; };
		4DE3352B18A9AF1800FCD941 /* AppDelegate.m in Sources */ = {isa = PBXBuildFile; fileRef = 4DE3352A18A9AF1800FCD941 /* AppDelegate.m */; };
		4DE3352D18A9AF1800FCD941 /* Default.png in Resources */ = {isa = PBXBuildFile; fileRef = 4DE3352C18A9AF1800FCD941 /* Default.png */; };
		4DE3352F18A9AF1800FCD941 /* Default@2x.png in Resources */ = {isa = PBXBuildFile; fileRef = 4DE3352E18A9AF1800FCD941 /* Default@2x.png */; };
		4DE3353118A9AF1800FCD941 /* Default-568h@2x.png in Resources */ = {isa = PBXBuildFile; fileRef = 4DE3353018A9AF1800FCD941 /* Default-568h@2x.png */; };
		4DE3353418A9AF1800FCD941 /* MainStoryboard.storyboard in Resources */ = {isa = PBXBuildFile; fileRef = 4DE3353218A9AF1800FCD941 /* MainStoryboard.storyboard */; };
		4DE3353718A9AF1800FCD941 /* ViewController.m in Sources */ = {isa = PBXBuildFile; fileRef = 4DE3353618A9AF1800FCD941 /* ViewController.m */; };
		4DE3353E18A9B01900FCD941 /* CoreBluetooth.framework in Frameworks */ = {isa = PBXBuildFile; fileRef = 4DE3353D18A9B01900FCD941 /* CoreBluetooth.framework */; };
		4DEF503618C46FF200B15B5A /* ContentViewController.m in Sources */ = {isa = PBXBuildFile; fileRef = 4DEF503518C46FF200B15B5A /* ContentViewController.m */; };
		4DF0B4AC18C5771C00AB6AC6 /* RetrieveKnownViewController.m in Sources */ = {isa = PBXBuildFile; fileRef = 4DF0B4AB18C5771C00AB6AC6 /* RetrieveKnownViewController.m */; };
		4DF0B4AF18C583A900AB6AC6 /* ScanForViewController.m in Sources */ = {isa = PBXBuildFile; fileRef = 4DF0B4AE18C583A900AB6AC6 /* ScanForViewController.m */; };
		4DFF759B18C6B95000D98682 /* RetrieveConnectedViewController.m in Sources */ = {isa = PBXBuildFile; fileRef = 4DFF759A18C6B95000D98682 /* RetrieveConnectedViewController.m */; };
/* End PBXBuildFile section */

/* Begin PBXFileReference section */
		4DE3351718A9AF1800FCD941 /* MyBluetooth.app */ = {isa = PBXFileReference; explicitFileType = wrapper.application; includeInIndex = 0; path = MyBluetooth.app; sourceTree = BUILT_PRODUCTS_DIR; };
		4DE3351A18A9AF1800FCD941 /* UIKit.framework */ = {isa = PBXFileReference; lastKnownFileType = wrapper.framework; name = UIKit.framework; path = System/Library/Frameworks/UIKit.framework; sourceTree = SDKROOT; };
		4DE3351C18A9AF1800FCD941 /* Foundation.framework */ = {isa = PBXFileReference; lastKnownFileType = wrapper.framework; name = Foundation.framework; path = System/Library/Frameworks/Foundation.framework; sourceTree = SDKROOT; };
		4DE3351E18A9AF1800FCD941 /* CoreGraphics.framework */ = {isa = PBXFileReference; lastKnownFileType = wrapper.framework; name = CoreGraphics.framework; path = System/Library/Frameworks/CoreGraphics.framework; sourceTree = SDKROOT; };
		4DE3352218A9AF1800FCD941 /* MyBluetooth-Info.plist */ = {isa = PBXFileReference; lastKnownFileType = text.plist.xml; path = "MyBluetooth-Info.plist"; sourceTree = "<group>"; };
		4DE3352418A9AF1800FCD941 /* en */ = {isa = PBXFileReference; lastKnownFileType = text.plist.strings; name = en; path = en.lproj/InfoPlist.strings; sourceTree = "<group>"; };
		4DE3352618A9AF1800FCD941 /* main.m */ = {isa = PBXFileReference; lastKnownFileType = sourcecode.c.objc; path = main.m; sourceTree = "<group>"; };
		4DE3352818A9AF1800FCD941 /* MyBluetooth-Prefix.pch */ = {isa = PBXFileReference; lastKnownFileType = sourcecode.c.h; path = "MyBluetooth-Prefix.pch"; sourceTree = "<group>"; };
		4DE3352918A9AF1800FCD941 /* AppDelegate.h */ = {isa = PBXFileReference; lastKnownFileType = sourcecode.c.h; path = AppDelegate.h; sourceTree = "<group>"; };
		4DE3352A18A9AF1800FCD941 /* AppDelegate.m */ = {isa = PBXFileReference; lastKnownFileType = sourcecode.c.objc; path = AppDelegate.m; sourceTree = "<group>"; };
		4DE3352C18A9AF1800FCD941 /* Default.png */ = {isa = PBXFileReference; lastKnownFileType = image.png; path = Default.png; sourceTree = "<group>"; };
		4DE3352E18A9AF1800FCD941 /* Default@2x.png */ = {isa = PBXFileReference; lastKnownFileType = image.png; path = "Default@2x.png"; sourceTree = "<group>"; };
		4DE3353018A9AF1800FCD941 /* Default-568h@2x.png */ = {isa = PBXFileReference; lastKnownFileType = image.png; path = "Default-568h@2x.png"; sourceTree = "<group>"; };
		4DE3353318A9AF1800FCD941 /* en */ = {isa = PBXFileReference; lastKnownFileType = file.storyboard; name = en; path = en.lproj/MainStoryboard.storyboard; sourceTree = "<group>"; };
		4DE3353518A9AF1800FCD941 /* ViewController.h */ = {isa = PBXFileReference; lastKnownFileType = sourcecode.c.h; path = ViewController.h; sourceTree = "<group>"; };
		4DE3353618A9AF1800FCD941 /* ViewController.m */ = {isa = PBXFileReference; lastKnownFileType = sourcecode.c.objc; path = ViewController.m; sourceTree = "<group>"; };
		4DE3353D18A9B01900FCD941 /* CoreBluetooth.framework */ = {isa = PBXFileReference; lastKnownFileType = wrapper.framework; name = CoreBluetooth.framework; path = System/Library/Frameworks/CoreBluetooth.framework; sourceTree = SDKROOT; };
		4DEF503418C46FF200B15B5A /* ContentViewController.h */ = {isa = PBXFileReference; fileEncoding = 4; lastKnownFileType = sourcecode.c.h; path = ContentViewController.h; sourceTree = "<group>"; };
		4DEF503518C46FF200B15B5A /* ContentViewController.m */ = {isa = PBXFileReference; fileEncoding = 4; lastKnownFileType = sourcecode.c.objc; path = ContentViewController.m; sourceTree = "<group>"; };
		4DF0B4AA18C5771C00AB6AC6 /* RetrieveKnownViewController.h */ = {isa = PBXFileReference; fileEncoding = 4; lastKnownFileType = sourcecode.c.h; path = RetrieveKnownViewController.h; sourceTree = "<group>"; };
		4DF0B4AB18C5771C00AB6AC6 /* RetrieveKnownViewController.m */ = {isa = PBXFileReference; fileEncoding = 4; lastKnownFileType = sourcecode.c.objc; path = RetrieveKnownViewController.m; sourceTree = "<group>"; };
		4DF0B4AD18C583A900AB6AC6 /* ScanForViewController.h */ = {isa = PBXFileReference; fileEncoding = 4; lastKnownFileType = sourcecode.c.h; path = ScanForViewController.h; sourceTree = "<group>"; };
		4DF0B4AE18C583A900AB6AC6 /* ScanForViewController.m */ = {isa = PBXFileReference; fileEncoding = 4; lastKnownFileType = sourcecode.c.objc; path = ScanForViewController.m; sourceTree = "<group>"; };
		4DFF759918C6B95000D98682 /* RetrieveConnectedViewController.h */ = {isa = PBXFileReference; fileEncoding = 4; lastKnownFileType = sourcecode.c.h; path = RetrieveConnectedViewController.h; sourceTree = "<group>"; };
		4DFF759A18C6B95000D98682 /* RetrieveConnectedViewController.m */ = {isa = PBXFileReference; fileEncoding = 4; lastKnownFileType = sourcecode.c.objc; path = RetrieveConnectedViewController.m; sourceTree = "<group>"; };
/* End PBXFileReference section */

/* Begin PBXFrameworksBuildPhase section */
		4DE3351418A9AF1800FCD941 /* Frameworks */ = {
			isa = PBXFrameworksBuildPhase;
			buildActionMask = 2147483647;
			files = (
				4DE3353E18A9B01900FCD941 /* CoreBluetooth.framework in Frameworks */,
				4DE3351B18A9AF1800FCD941 /* UIKit.framework in Frameworks */,
				4DE3351D18A9AF1800FCD941 /* Foundation.framework in Frameworks */,
				4DE3351F18A9AF1800FCD941 /* CoreGraphics.framework in Frameworks */,
			);
			runOnlyForDeploymentPostprocessing = 0;
		};
/* End PBXFrameworksBuildPhase section */

/* Begin PBXGroup section */
		4DE3350E18A9AF1800FCD941 = {
			isa = PBXGroup;
			children = (
				4DE3352018A9AF1800FCD941 /* MyBluetooth */,
				4DE3351918A9AF1800FCD941 /* Frameworks */,
				4DE3351818A9AF1800FCD941 /* Products */,
			);
			sourceTree = "<group>";
		};
		4DE3351818A9AF1800FCD941 /* Products */ = {
			isa = PBXGroup;
			children = (
				4DE3351718A9AF1800FCD941 /* MyBluetooth.app */,
			);
			name = Products;
			sourceTree = "<group>";
		};
		4DE3351918A9AF1800FCD941 /* Frameworks */ = {
			isa = PBXGroup;
			children = (
				4DE3353D18A9B01900FCD941 /* CoreBluetooth.framework */,
				4DE3351A18A9AF1800FCD941 /* UIKit.framework */,
				4DE3351C18A9AF1800FCD941 /* Foundation.framework */,
				4DE3351E18A9AF1800FCD941 /* CoreGraphics.framework */,
			);
			name = Frameworks;
			sourceTree = "<group>";
		};
		4DE3352018A9AF1800FCD941 /* MyBluetooth */ = {
			isa = PBXGroup;
			children = (
				4DE3352918A9AF1800FCD941 /* AppDelegate.h */,
				4DE3352A18A9AF1800FCD941 /* AppDelegate.m */,
				4DE3353218A9AF1800FCD941 /* MainStoryboard.storyboard */,
				4DEF503418C46FF200B15B5A /* ContentViewController.h */,
				4DEF503518C46FF200B15B5A /* ContentViewController.m */,
				4DE3353518A9AF1800FCD941 /* ViewController.h */,
				4DE3353618A9AF1800FCD941 /* ViewController.m */,
				4DF0B4AD18C583A900AB6AC6 /* ScanForViewController.h */,
				4DF0B4AE18C583A900AB6AC6 /* ScanForViewController.m */,
				4DF0B4AA18C5771C00AB6AC6 /* RetrieveKnownViewController.h */,
				4DF0B4AB18C5771C00AB6AC6 /* RetrieveKnownViewController.m */,
				4DFF759918C6B95000D98682 /* RetrieveConnectedViewController.h */,
				4DFF759A18C6B95000D98682 /* RetrieveConnectedViewController.m */,
				4DE3352118A9AF1800FCD941 /* Supporting Files */,
			);
			path = MyBluetooth;
			sourceTree = "<group>";
		};
		4DE3352118A9AF1800FCD941 /* Supporting Files */ = {
			isa = PBXGroup;
			children = (
				4DE3352218A9AF1800FCD941 /* MyBluetooth-Info.plist */,
				4DE3352318A9AF1800FCD941 /* InfoPlist.strings */,
				4DE3352618A9AF1800FCD941 /* main.m */,
				4DE3352818A9AF1800FCD941 /* MyBluetooth-Prefix.pch */,
				4DE3352C18A9AF1800FCD941 /* Default.png */,
				4DE3352E18A9AF1800FCD941 /* Default@2x.png */,
				4DE3353018A9AF1800FCD941 /* Default-568h@2x.png */,
			);
			name = "Supporting Files";
			sourceTree = "<group>";
		};
/* End PBXGroup section */

/* Begin PBXNativeTarget section */
		4DE3351618A9AF1800FCD941 /* MyBluetooth */ = {
			isa = PBXNativeTarget;
			buildConfigurationList = 4DE3353A18A9AF1800FCD941 /* Build configuration list for PBXNativeTarget "MyBluetooth" */;
			buildPhases = (
				4DE3351318A9AF1800FCD941 /* Sources */,
				4DE3351418A9AF1800FCD941 /* Frameworks */,
				4DE3351518A9AF1800FCD941 /* Resources */,
			);
			buildRules = (
			);
			dependencies = (
			);
			name = MyBluetooth;
			productName = MyBluetooth;
			productReference = 4DE3351718A9AF1800FCD941 /* MyBluetooth.app */;
			productType = "com.apple.product-type.application";
		};
/* End PBXNativeTarget section */

/* Begin PBXProject section */
		4DE3350F18A9AF1800FCD941 /* Project object */ = {
			isa = PBXProject;
			attributes = {
				LastUpgradeCheck = 0460;
				ORGANIZATIONNAME = sunward;
				TargetAttributes = {
					4DE3351618A9AF1800FCD941 = {
						DevelopmentTeam = 3TH2DAAR72;
						SystemCapabilities = {
							com.apple.BackgroundModes = {
								enabled = 0;
							};
						};
					};
				};
			};
			buildConfigurationList = 4DE3351218A9AF1800FCD941 /* Build configuration list for PBXProject "MyBluetooth" */;
			compatibilityVersion = "Xcode 3.2";
			developmentRegion = English;
			hasScannedForEncodings = 0;
			knownRegions = (
				en,
			);
			mainGroup = 4DE3350E18A9AF1800FCD941;
			productRefGroup = 4DE3351818A9AF1800FCD941 /* Products */;
			projectDirPath = "";
			projectRoot = "";
			targets = (
				4DE3351618A9AF1800FCD941 /* MyBluetooth */,
			);
		};
/* End PBXProject section */

/* Begin PBXResourcesBuildPhase section */
		4DE3351518A9AF1800FCD941 /* Resources */ = {
			isa = PBXResourcesBuildPhase;
			buildActionMask = 2147483647;
			files = (
				4DE3352518A9AF1800FCD941 /* InfoPlist.strings in Resources */,
				4DE3352D18A9AF1800FCD941 /* Default.png in Resources */,
				4DE3352F18A9AF1800FCD941 /* Default@2x.png in Resources */,
				4DE3353118A9AF1800FCD941 /* Default-568h@2x.png in Resources */,
				4DE3353418A9AF1800FCD941 /* MainStoryboard.storyboard in Resources */,
			);
			runOnlyForDeploymentPostprocessing = 0;
		};
/* End PBXResourcesBuildPhase section */

/* Begin PBXSourcesBuildPhase section */
		4DE3351318A9AF1800FCD941 /* Sources */ = {
			isa = PBXSourcesBuildPhase;
			buildActionMask = 2147483647;
			files = (
				4DF0B4AC18C5771C00AB6AC6 /* RetrieveKnownViewController.m in Sources */,
				4DEF503618C46FF200B15B5A /* ContentViewController.m in Sources */,
				4DE3352718A9AF1800FCD941 /* main.m in Sources */,
				4DF0B4AF18C583A900AB6AC6 /* ScanForViewController.m in Sources */,
				4DFF759B18C6B95000D98682 /* RetrieveConnectedViewController.m in Sources */,
				4DE3352B18A9AF1800FCD941 /* AppDelegate.m in Sources */,
				4DE3353718A9AF1800FCD941 /* ViewController.m in Sources */,
			);
			runOnlyForDeploymentPostprocessing = 0;
		};
/* End PBXSourcesBuildPhase section */

/* Begin PBXVariantGroup section */
		4DE3352318A9AF1800FCD941 /* InfoPlist.strings */ = {
			isa = PBXVariantGroup;
			children = (
				4DE3352418A9AF1800FCD941 /* en */,
			);
			name = InfoPlist.strings;
			sourceTree = "<group>";
		};
		4DE3353218A9AF1800FCD941 /* MainStoryboard.storyboard */ = {
			isa = PBXVariantGroup;
			children = (
				4DE3353318A9AF1800FCD941 /* en */,
			);
			name = MainStoryboard.storyboard;
			sourceTree = "<group>";
		};
/* End PBXVariantGroup section */

/* Begin XCBuildConfiguration section */
		4DE3353818A9AF1800FCD941 /* Debug */ = {
			isa = XCBuildConfiguration;
			buildSettings = {
				ALWAYS_SEARCH_USER_PATHS = NO;
				CLANG_CXX_LANGUAGE_STANDARD = "gnu++0x";
				CLANG_CXX_LIBRARY = "libc++";
				CLANG_ENABLE_OBJC_ARC = YES;
				CLANG_WARN_CONSTANT_CONVERSION = YES;
				CLANG_WARN_EMPTY_BODY = YES;
				CLANG_WARN_ENUM_CONVERSION = YES;
				CLANG_WARN_INT_CONVERSION = YES;
				CLANG_WARN__DUPLICATE_METHOD_MATCH = YES;
				"CODE_SIGN_IDENTITY[sdk=iphoneos*]" = "iPhone Developer";
				COPY_PHASE_STRIP = NO;
				GCC_C_LANGUAGE_STANDARD = gnu99;
				GCC_DYNAMIC_NO_PIC = NO;
				GCC_OPTIMIZATION_LEVEL = 0;
				GCC_PREPROCESSOR_DEFINITIONS = (
					"DEBUG=1",
					"$(inherited)",
				);
				GCC_SYMBOLS_PRIVATE_EXTERN = NO;
				GCC_WARN_ABOUT_RETURN_TYPE = YES;
				GCC_WARN_UNINITIALIZED_AUTOS = YES;
				GCC_WARN_UNUSED_VARIABLE = YES;
				IPHONEOS_DEPLOYMENT_TARGET = 6.1;
				ONLY_ACTIVE_ARCH = YES;
				SDKROOT = iphoneos;
			};
			name = Debug;
		};
		4DE3353918A9AF1800FCD941 /* Release */ = {
			isa = XCBuildConfiguration;
			buildSettings = {
				ALWAYS_SEARCH_USER_PATHS = NO;
				CLANG_CXX_LANGUAGE_STANDARD = "gnu++0x";
				CLANG_CXX_LIBRARY = "libc++";
				CLANG_ENABLE_OBJC_ARC = YES;
				CLANG_WARN_CONSTANT_CONVERSION = YES;
				CLANG_WARN_EMPTY_BODY = YES;
				CLANG_WARN_ENUM_CONVERSION = YES;
				CLANG_WARN_INT_CONVERSION = YES;
				CLANG_WARN__DUPLICATE_METHOD_MATCH = YES;
				"CODE_SIGN_IDENTITY[sdk=iphoneos*]" = "iPhone Developer";
				COPY_PHASE_STRIP = YES;
				GCC_C_LANGUAGE_STANDARD = gnu99;
				GCC_WARN_ABOUT_RETURN_TYPE = YES;
				GCC_WARN_UNINITIALIZED_AUTOS = YES;
				GCC_WARN_UNUSED_VARIABLE = YES;
				IPHONEOS_DEPLOYMENT_TARGET = 6.1;
				OTHER_CFLAGS = "-DNS_BLOCK_ASSERTIONS=1";
				SDKROOT = iphoneos;
				VALIDATE_PRODUCT = YES;
			};
			name = Release;
		};
		4DE3353B18A9AF1800FCD941 /* Debug */ = {
			isa = XCBuildConfiguration;
			buildSettings = {
				CODE_SIGN_IDENTITY = "iPhone Developer";
				GCC_PRECOMPILE_PREFIX_HEADER = YES;
				GCC_PREFIX_HEADER = "MyBluetooth/MyBluetooth-Prefix.pch";
				INFOPLIST_FILE = "MyBluetooth/MyBluetooth-Info.plist";
				PRODUCT_BUNDLE_IDENTIFIER = com.text.iphone;
				PRODUCT_NAME = "$(TARGET_NAME)";
				WRAPPER_EXTENSION = app;
				a = "";
			};
			name = Debug;
		};
		4DE3353C18A9AF1800FCD941 /* Release */ = {
			isa = XCBuildConfiguration;
			buildSettings = {
				CODE_SIGN_IDENTITY = "iPhone Developer";
				GCC_PRECOMPILE_PREFIX_HEADER = YES;
				GCC_PREFIX_HEADER = "MyBluetooth/MyBluetooth-Prefix.pch";
				INFOPLIST_FILE = "MyBluetooth/MyBluetooth-Info.plist";
				PRODUCT_BUNDLE_IDENTIFIER = com.text.iphone;
				PRODUCT_NAME = "$(TARGET_NAME)";
				WRAPPER_EXTENSION = app;
				a = "";
			};
			name = Release;
		};
/* End XCBuildConfiguration section */

/* Begin XCConfigurationList section */
		4DE3351218A9AF1800FCD941 /* Build configuration list for PBXProject "MyBluetooth" */ = {
			isa = XCConfigurationList;
			buildConfigurations = (
				4DE3353818A9AF1800FCD941 /* Debug */,
				4DE3353918A9AF1800FCD941 /* Release */,
			);
			defaultConfigurationIsVisible = 0;
			defaultConfigurationName = Release;
		};
		4DE3353A18A9AF1800FCD941 /* Build configuration list for PBXNativeTarget "MyBluetooth" */ = {
			isa = XCConfigurationList;
			buildConfigurations = (
				4DE3353B18A9AF1800FCD941 /* Debug */,
				4DE3353C18A9AF1800FCD941 /* Release */,
			);
			defaultConfigurationIsVisible = 0;
			defaultConfigurationName = Release;
		};
/* End XCConfigurationList section */
	};
	rootObject = 4DE3350F18A9AF1800FCD941 /* Project object */;
}
